<?xml version="1.0" encoding="utf-8"?>
<Project ToolsVersion="4.0" xmlns="http://schemas.microsoft.com/developer/msbuild/2003">
  <ItemGroup>
    <Filter Include="Source Files">
      <UniqueIdentifier>{4FC737F1-C7A5-4376-A066-2A32D752A2FF}</UniqueIdentifier>
      <Extensions>cpp;c;cc;cxx;c++;cppm;ixx;def;odl;idl;hpj;bat;asm;asmx</Extensions>
    </Filter>
    <Filter Include="Header Files">
      <UniqueIdentifier>{93995380-89BD-4b04-88EB-625FBE52EBFB}</UniqueIdentifier>
      <Extensions>h;hh;hpp;hxx;h++;hm;inl;inc;ipp;xsd</Extensions>
    </Filter>
    <Filter Include="Resource Files">
      <UniqueIdentifier>{67DA6AB6-F800-4c08-8B7A-83BB121AAD01}</UniqueIdentifier>
      <Extensions>rc;ico;cur;bmp;dlg;rc2;rct;bin;rgs;gif;jpg;jpeg;jpe;resx;tiff;tif;png;wav;mfcribbon-ms</Extensions>
    </Filter>
    <Filter Include="Header Files\Camera">
      <UniqueIdentifier>{ad6b309d-f39e-46b7-86ee-036d3645ee09}</UniqueIdentifier>
    </Filter>
    <Filter Include="Header Files\Light">
      <UniqueIdentifier>{ecd962a1-e40f-42f4-84d1-f772cbe439e4}</UniqueIdentifier>
    </Filter>
    <Filter Include="Header Files\Rock">
      <UniqueIdentifier>{a6e6a64c-11e6-446f-9a58-ec6c179a245e}</UniqueIdentifier>
    </Filter>
    <Filter Include="Header Files\Score">
      <UniqueIdentifier>{df4f909f-eef0-4e33-85ed-0827a8b23319}</UniqueIdentifier>
    </Filter>
    <Filter Include="Header Files\Plane">
      <UniqueIdentifier>{1773cc0a-366b-4347-b98b-0470a651fd88}</UniqueIdentifier>
    </Filter>
    <Filter Include="Header Files\Wall">
      <UniqueIdentifier>{93f4bd09-99ac-4f70-9946-7e1f818605a2}</UniqueIdentifier>
    </Filter>
    <Filter Include="Header Files\Skybox">
      <UniqueIdentifier>{a22eedb4-6df2-45a1-8fc7-576b5bfabdb5}</UniqueIdentifier>
    </Filter>
    <Filter Include="Header Files\Compass">
      <UniqueIdentifier>{f2be50c2-8469-429b-9767-3f811869fd99}</UniqueIdentifier>
    </Filter>
  </ItemGroup>
  <ItemGroup>
    <ClCompile Include="Src\glad.c">
      <Filter>Source Files</Filter>
    </ClCompile>
    <ClCompile Include="Src\Main.cpp">
      <Filter>Source Files</Filter>
    </ClCompile>
  </ItemGroup>
  <ItemGroup>
    <ClInclude Include="Util.h">
      <Filter>Header Files</Filter>
    </ClInclude>
    <ClInclude Include="Header\Box.h">
      <Filter>Header Files</Filter>
    </ClInclude>
    <ClInclude Include="Header\camera.h">
      <Filter>Header Files</Filter>
    </ClInclude>
    <ClInclude Include="Header\Character.h">
      <Filter>Header Files</Filter>
    </ClInclude>
    <ClInclude Include="Header\mesh.h">
      <Filter>Header Files</Filter>
    </ClInclude>
    <ClInclude Include="Header\model.h">
      <Filter>Header Files</Filter>
    </ClInclude>
    <ClInclude Include="Header\shader_m.h">
      <Filter>Header Files</Filter>
    </ClInclude>
    <ClInclude Include="Header\Star.h">
      <Filter>Header Files</Filter>
    </ClInclude>
    <ClInclude Include="Header\stb_image.h">
      <Filter>Header Files</Filter>
    </ClInclude>
    <ClInclude Include="Header\Util.h">
      <Filter>Header Files</Filter>
    </ClInclude>
    <ClInclude Include="Header\Light\Light.h">
      <Filter>Header Files\Light</Filter>
    </ClInclude>
    <ClInclude Include="Header\Light\SpotLight.h">
      <Filter>Header Files\Light</Filter>
    </ClInclude>
    <ClInclude Include="Header\Rock\Rock.h">
      <Filter>Header Files\Rock</Filter>
    </ClInclude>
    <ClInclude Include="Header\Score\Score.h">
      <Filter>Header Files\Score</Filter>
    </ClInclude>
    <ClInclude Include="Header\Plane\Plane.h">
      <Filter>Header Files\Plane</Filter>
    </ClInclude>
    <ClInclude Include="Header\Wall\Wall.h">
      <Filter>Header Files\Wall</Filter>
    </ClInclude>
    <ClInclude Include="Header\Skybox\Skybox.h">
      <Filter>Header Files\Skybox</Filter>
    </ClInclude>
    <ClInclude Include="Header\Compass\Compass.h">
      <Filter>Header Files\Compass</Filter>
    </ClInclude>
  </ItemGroup>
  <ItemGroup>
    <Image Include="Res\TexturesCom_BrickOldDirty0125_1_M.jpg">
      <Filter>Resource Files</Filter>
    </Image>
    <Image Include="Res\diffuse.png">
      <Filter>Resource Files</Filter>
    </Image>
  </ItemGroup>
  <ItemGroup>
    <None Include="Header\as.fs">
      <Filter>Header Files</Filter>
    </None>
    <None Include="Header\as.vs">
      <Filter>Header Files</Filter>
    </None>
    <None Include="Header\shadow.fs">
      <Filter>Header Files</Filter>
    </None>
    <None Include="Header\shadow.vs">
      <Filter>Header Files</Filter>
    </None>
    <None Include="Header\Light\light.fs">
      <Filter>Header Files\Light</Filter>
    </None>
    <None Include="Header\Light\light.vs">
      <Filter>Header Files\Light</Filter>
    </None>
    <None Include="Header\Rock\rock.fs">
      <Filter>Header Files\Rock</Filter>
    </None>
    <None Include="Header\Rock\rock.vs">
      <Filter>Header Files\Rock</Filter>
    </None>
    <None Include="Header\Score\score.fs">
      <Filter>Header Files\Score</Filter>
    </None>
    <None Include="Header\Score\score.vs">
      <Filter>Header Files\Score</Filter>
    </None>
    <None Include="Header\Plane\plane.fs">
      <Filter>Header Files\Plane</Filter>
    </None>
    <None Include="Header\Plane\plane.vs">
      <Filter>Header Files\Plane</Filter>
    </None>
    <None Include="Header\Wall\Wall.fs">
      <Filter>Header Files\Wall</Filter>
    </None>
    <None Include="Header\Wall\Wall.vs">
      <Filter>Header Files\Wall</Filter>
    </None>
    <None Include="Header\Skybox\skybox.fs">
      <Filter>Header Files\Skybox</Filter>
    </None>
    <None Include="Header\Skybox\skybox.vs">
      <Filter>Header Files\Skybox</Filter>
    </None>
    <None Include="Header\Compass\compass.fs">
      <Filter>Header Files\Compass</Filter>
    </None>
    <None Include="Header\Compass\compass.vs">
      <Filter>Header Files\Compass</Filter>
    </None>
  </ItemGroup>
</Project>